// !$*UTF8*$!
{
	archiveVersion = 1;
	classes = {
	};
	objectVersion = 50;
	objects = {

/* Begin PBXBuildFile section */
		EA283E5521E3FDA9004DA350 /* AppDelegate.swift in Sources */ = {isa = PBXBuildFile; fileRef = EA283E5421E3FDA9004DA350 /* AppDelegate.swift */; };
		EA283E5721E3FDA9004DA350 /* ViewController.swift in Sources */ = {isa = PBXBuildFile; fileRef = EA283E5621E3FDA9004DA350 /* ViewController.swift */; };
		EA283E5A21E3FDA9004DA350 /* Main.storyboard in Resources */ = {isa = PBXBuildFile; fileRef = EA283E5821E3FDA9004DA350 /* Main.storyboard */; };
		EA283E5C21E3FDAA004DA350 /* Assets.xcassets in Resources */ = {isa = PBXBuildFile; fileRef = EA283E5B21E3FDAA004DA350 /* Assets.xcassets */; };
		EA283E5F21E3FDAA004DA350 /* LaunchScreen.storyboard in Resources */ = {isa = PBXBuildFile; fileRef = EA283E5D21E3FDAA004DA350 /* LaunchScreen.storyboard */; };
		EA5DC8F621E578740012A981 /* TableViewCell.swift in Sources */ = {isa = PBXBuildFile; fileRef = EA5DC8F521E578740012A981 /* TableViewCell.swift */; };
		EA5DC8FA21E787EA0012A981 /* SecondViewController.swift in Sources */ = {isa = PBXBuildFile; fileRef = EA5DC8F921E787EA0012A981 /* SecondViewController.swift */; };
		EA5DC8FC21E7A01A0012A981 /* TableViewCellDetailed.swift in Sources */ = {isa = PBXBuildFile; fileRef = EA5DC8FB21E7A01A0012A981 /* TableViewCellDetailed.swift */; };
/* End PBXBuildFile section */

/* Begin PBXFileReference section */
		EA283E5121E3FDA9004DA350 /* ShopifyMobileChallenge.app */ = {isa = PBXFileReference; explicitFileType = wrapper.application; includeInIndex = 0; path = ShopifyMobileChallenge.app; sourceTree = BUILT_PRODUCTS_DIR; };
		EA283E5421E3FDA9004DA350 /* AppDelegate.swift */ = {isa = PBXFileReference; lastKnownFileType = sourcecode.swift; path = AppDelegate.swift; sourceTree = "<group>"; };
		EA283E5621E3FDA9004DA350 /* ViewController.swift */ = {isa = PBXFileReference; lastKnownFileType = sourcecode.swift; path = ViewController.swift; sourceTree = "<group>"; };
		EA283E5921E3FDA9004DA350 /* Base */ = {isa = PBXFileReference; lastKnownFileType = file.storyboard; name = Base; path = Base.lproj/Main.storyboard; sourceTree = "<group>"; };
		EA283E5B21E3FDAA004DA350 /* Assets.xcassets */ = {isa = PBXFileReference; lastKnownFileType = folder.assetcatalog; path = Assets.xcassets; sourceTree = "<group>"; };
		EA283E5E21E3FDAA004DA350 /* Base */ = {isa = PBXFileReference; lastKnownFileType = file.storyboard; name = Base; path = Base.lproj/LaunchScreen.storyboard; sourceTree = "<group>"; };
		EA283E6021E3FDAA004DA350 /* Info.plist */ = {isa = PBXFileReference; lastKnownFileType = text.plist.xml; path = Info.plist; sourceTree = "<group>"; };
		EA5DC8F521E578740012A981 /* TableViewCell.swift */ = {isa = PBXFileReference; lastKnownFileType = sourcecode.swift; path = TableViewCell.swift; sourceTree = "<group>"; };
		EA5DC8F921E787EA0012A981 /* SecondViewController.swift */ = {isa = PBXFileReference; lastKnownFileType = sourcecode.swift; path = SecondViewController.swift; sourceTree = "<group>"; };
		EA5DC8FB21E7A01A0012A981 /* TableViewCellDetailed.swift */ = {isa = PBXFileReference; lastKnownFileType = sourcecode.swift; path = TableViewCellDetailed.swift; sourceTree = "<group>"; };
/* End PBXFileReference section */

/* Begin PBXFrameworksBuildPhase section */
		EA283E4E21E3FDA9004DA350 /* Frameworks */ = {
			isa = PBXFrameworksBuildPhase;
			buildActionMask = 2147483647;
			files = (
			);
			runOnlyForDeploymentPostprocessing = 0;
		};
/* End PBXFrameworksBuildPhase section */

/* Begin PBXGroup section */
		EA283E4821E3FDA9004DA350 = {
			isa = PBXGroup;
			children = (
				EA283E5321E3FDA9004DA350 /* ShopifyMobileChallenge */,
				EA283E5221E3FDA9004DA350 /* Products */,
			);
			sourceTree = "<group>";
		};
		EA283E5221E3FDA9004DA350 /* Products */ = {
			isa = PBXGroup;
			children = (
				EA283E5121E3FDA9004DA350 /* ShopifyMobileChallenge.app */,
			);
			name = Products;
			sourceTree = "<group>";
		};
		EA283E5321E3FDA9004DA350 /* ShopifyMobileChallenge */ = {
			isa = PBXGroup;
			children = (
				EA283E5421E3FDA9004DA350 /* AppDelegate.swift */,
				EA283E5621E3FDA9004DA350 /* ViewController.swift */,
				EA5DC8F921E787EA0012A981 /* SecondViewController.swift */,
				EA5DC8F521E578740012A981 /* TableViewCell.swift */,
				EA5DC8FB21E7A01A0012A981 /* TableViewCellDetailed.swift */,
				EA283E5821E3FDA9004DA350 /* Main.storyboard */,
				EA283E5B21E3FDAA004DA350 /* Assets.xcassets */,
				EA283E5D21E3FDAA004DA350 /* LaunchScreen.storyboard */,
				EA283E6021E3FDAA004DA350 /* Info.plist */,
			);
			path = ShopifyMobileChallenge;
			sourceTree = "<group>";
		};
/* End PBXGroup section */

/* Begin PBXNativeTarget section */
		EA283E5021E3FDA9004DA350 /* ShopifyMobileChallenge */ = {
			isa = PBXNativeTarget;
			buildConfigurationList = EA283E6321E3FDAA004DA350 /* Build configuration list for PBXNativeTarget "ShopifyMobileChallenge" */;
			buildPhases = (
				EA283E4D21E3FDA9004DA350 /* Sources */,
				EA283E4E21E3FDA9004DA350 /* Frameworks */,
				EA283E4F21E3FDA9004DA350 /* Resources */,
			);
			buildRules = (
			);
			dependencies = (
			);
			name = ShopifyMobileChallenge;
			productName = ShopifyMobileChallenge;
			productReference = EA283E5121E3FDA9004DA350 /* ShopifyMobileChallenge.app */;
			productType = "com.apple.product-type.application";
		};
/* End PBXNativeTarget section */

/* Begin PBXProject section */
		EA283E4921E3FDA9004DA350 /* Project object */ = {
			isa = PBXProject;
			attributes = {
				LastSwiftUpdateCheck = 1010;
				LastUpgradeCheck = 1010;
				ORGANIZATIONNAME = "Nick Kazan";
				TargetAttributes = {
					EA283E5021E3FDA9004DA350 = {
						CreatedOnToolsVersion = 10.1;
					};
				};
			};
			buildConfigurationList = EA283E4C21E3FDA9004DA350 /* Build configuration list for PBXProject "ShopifyMobileChallenge" */;
			compatibilityVersion = "Xcode 9.3";
			developmentRegion = en;
			hasScannedForEncodings = 0;
			knownRegions = (
				en,
				Base,
			);
			mainGroup = EA283E4821E3FDA9004DA350;
			productRefGroup = EA283E5221E3FDA9004DA350 /* Products */;
			projectDirPath = "";
			projectRoot = "";
			targets = (
				EA283E5021E3FDA9004DA350 /* ShopifyMobileChallenge */,
			);
		};
/* End PBXProject section */

/* Begin PBXResourcesBuildPhase section */
		EA283E4F21E3FDA9004DA350 /* Resources */ = {
			isa = PBXResourcesBuildPhase;
			buildActionMask = 2147483647;
			files = (
				EA283E5F21E3FDAA004DA350 /* LaunchScreen.storyboard in Resources */,
				EA283E5C21E3FDAA004DA350 /* Assets.xcassets in Resources */,
				EA283E5A21E3FDA9004DA350 /* Main.storyboard in Resources */,
			);
			runOnlyForDeploymentPostprocessing = 0;
		};
/* End PBXResourcesBuildPhase section */

/* Begin PBXSourcesBuildPhase section */
		EA283E4D21E3FDA9004DA350 /* Sources */ = {
			isa = PBXSourcesBuildPhase;
			buildActionMask = 2147483647;
			files = (
				EA5DC8FA21E787EA0012A981 /* SecondViewController.swift in Sources */,
				EA5DC8F621E578740012A981 /* TableViewCell.swift in Sources */,
				EA283E5721E3FDA9004DA350 /* ViewController.swift in Sources */,
				EA5DC8FC21E7A01A0012A981 /* TableViewCellDetailed.swift in Sources */,
				EA283E5521E3FDA9004DA350 /* AppDelegate.swift in Sources */,
			);
			runOnlyForDeploymentPostprocessing = 0;
		};
/* End PBXSourcesBuildPhase section */

/* Begin PBXVariantGroup section */
		EA283E5821E3FDA9004DA350 /* Main.storyboard */ = {
			isa = PBXVariantGroup;
			children = (
				EA283E5921E3FDA9004DA350 /* Base */,
			);
			name = Main.storyboard;
			sourceTree = "<group>";
		};
		EA283E5D21E3FDAA004DA350 /* LaunchScreen.storyboard */ = {
			isa = PBXVariantGroup;
			children = (
				EA283E5E21E3FDAA004DA350 /* Base */,
			);
			name = LaunchScreen.storyboard;
			sourceTree = "<group>";
		};
/* End PBXVariantGroup section */

/* Begin XCBuildConfiguration section */
		EA283E6121E3FDAA004DA350 /* Debug */ = {
			isa = XCBuildConfiguration;
			buildSettings = {
				ALWAYS_SEARCH_USER_PATHS = NO;
				CLANG_ANALYZER_NONNULL = YES;
				CLANG_ANALYZER_NUMBER_OBJECT_CONVERSION = YES_AGGRESSIVE;
				CLANG_CXX_LANGUAGE_STANDARD = "gnu++14";
				CLANG_CXX_LIBRARY = "libc++";
				CLANG_ENABLE_MODULES = YES;
				CLANG_ENABLE_OBJC_ARC = YES;
				CLANG_ENABLE_OBJC_WEAK = YES;
				CLANG_WARN_BLOCK_CAPTURE_AUTORELEASING = YES;
				CLANG_WARN_BOOL_CONVERSION = YES;
				CLANG_WARN_COMMA = YES;
				CLANG_WARN_CONSTANT_CONVERSION = YES;
				CLANG_WARN_DEPRECATED_OBJC_IMPLEMENTATIONS = YES;
				CLANG_WARN_DIRECT_OBJC_ISA_USAGE = YES_ERROR;
				CLANG_WARN_DOCUMENTATION_COMMENTS = YES;
				CLANG_WARN_EMPTY_BODY = YES;
				CLANG_WARN_ENUM_CONVERSION = YES;
				CLANG_WARN_INFINITE_RECURSION = YES;
				CLANG_WARN_INT_CONVERSION = YES;
				CLANG_WARN_NON_LITERAL_NULL_CONVERSION = YES;
				CLANG_WARN_OBJC_IMPLICIT_RETAIN_SELF = YES;
				CLANG_WARN_OBJC_LITERAL_CONVERSION = YES;
				CLANG_WARN_OBJC_ROOT_CLASS = YES_ERROR;
				CLANG_WARN_RANGE_LOOP_ANALYSIS = YES;
				CLANG_WARN_STRICT_PROTOTYPES = YES;
				CLANG_WARN_SUSPICIOUS_MOVE = YES;
				CLANG_WARN_UNGUARDED_AVAILABILITY = YES_AGGRESSIVE;
				CLANG_WARN_UNREACHABLE_CODE = YES;
				CLANG_WARN__DUPLICATE_METHOD_MATCH = YES;
				CODE_SIGN_IDENTITY = "iPhone Developer";
				COPY_PHASE_STRIP = NO;
				DEBUG_INFORMATION_FORMAT = dwarf;
				ENABLE_STRICT_OBJC_MSGSEND = YES;
				ENABLE_TESTABILITY = YES;
				GCC_C_LANGUAGE_STANDARD = gnu11;
				GCC_DYNAMIC_NO_PIC = NO;
				GCC_NO_COMMON_BLOCKS = YES;
				GCC_OPTIMIZATION_LEVEL = 0;
				GCC_PREPROCESSOR_DEFINITIONS = (
					"DEBUG=1",
					"$(inherited)",
				);
				GCC_WARN_64_TO_32_BIT_CONVERSION = YES;
				GCC_WARN_ABOUT_RETURN_TYPE = YES_ERROR;
				GCC_WARN_UNDECLARED_SELECTOR = YES;
				GCC_WARN_UNINITIALIZED_AUTOS = YES_AGGRESSIVE;
				GCC_WARN_UNUSED_FUNCTION = YES;
				GCC_WARN_UNUSED_VARIABLE = YES;
				IPHONEOS_DEPLOYMENT_TARGET = 12.1;
				MTL_ENABLE_DEBUG_INFO = INCLUDE_SOURCE;
				MTL_FAST_MATH = YES;
				ONLY_ACTIVE_ARCH = YES;
				SDKROOT = iphoneos;
				SWIFT_ACTIVE_COMPILATION_CONDITIONS = DEBUG;
				SWIFT_OPTIMIZATION_LEVEL = "-Onone";
			};
			name = Debug;
		};
		EA283E6221E3FDAA004DA350 /* Release */ = {
			isa = XCBuildConfiguration;
			buildSettings = {
				ALWAYS_SEARCH_USER_PATHS = NO;
				CLANG_ANALYZER_NONNULL = YES;
				CLANG_ANALYZER_NUMBER_OBJECT_CONVERSION = YES_AGGRESSIVE;
				CLANG_CXX_LANGUAGE_STANDARD = "gnu++14";
				CLANG_CXX_LIBRARY = "libc++";
				CLANG_ENABLE_MODULES = YES;
				CLANG_ENABLE_OBJC_ARC = YES;
				CLANG_ENABLE_OBJC_WEAK = YES;
				CLANG_WARN_BLOCK_CAPTURE_AUTORELEASING = YES;
				CLANG_WARN_BOOL_CONVERSION = YES;
				CLANG_WARN_COMMA = YES;
				CLANG_WARN_CONSTANT_CONVERSION = YES;
				CLANG_WARN_DEPRECATED_OBJC_IMPLEMENTATIONS = YES;
				CLANG_WARN_DIRECT_OBJC_ISA_USAGE = YES_ERROR;
				CLANG_WARN_DOCUMENTATION_COMMENTS = YES;
				CLANG_WARN_EMPTY_BODY = YES;
				CLANG_WARN_ENUM_CONVERSION = YES;
				CLANG_WARN_INFINITE_RECURSION = YES;
				CLANG_WARN_INT_CONVERSION = YES;
				CLANG_WARN_NON_LITERAL_NULL_CONVERSION = YES;
				CLANG_WARN_OBJC_IMPLICIT_RETAIN_SELF = YES;
				CLANG_WARN_OBJC_LITERAL_CONVERSION = YES;
				CLANG_WARN_OBJC_ROOT_CLASS = YES_ERROR;
				CLANG_WARN_RANGE_LOOP_ANALYSIS = YES;
				CLANG_WARN_STRICT_PROTOTYPES = YES;
				CLANG_WARN_SUSPICIOUS_MOVE = YES;
				CLANG_WARN_UNGUARDED_AVAILABILITY = YES_AGGRESSIVE;
				CLANG_WARN_UNREACHABLE_CODE = YES;
				CLANG_WARN__DUPLICATE_METHOD_MATCH = YES;
				CODE_SIGN_IDENTITY = "iPhone Developer";
				COPY_PHASE_STRIP = NO;
				DEBUG_INFORMATION_FORMAT = "dwarf-with-dsym";
				ENABLE_NS_ASSERTIONS = NO;
				ENABLE_STRICT_OBJC_MSGSEND = YES;
				GCC_C_LANGUAGE_STANDARD = gnu11;
				GCC_NO_COMMON_BLOCKS = YES;
				GCC_WARN_64_TO_32_BIT_CONVERSION = YES;
				GCC_WARN_ABOUT_RETURN_TYPE = YES_ERROR;
				GCC_WARN_UNDECLARED_SELECTOR = YES;
				GCC_WARN_UNINITIALIZED_AUTOS = YES_AGGRESSIVE;
				GCC_WARN_UNUSED_FUNCTION = YES;
				GCC_WARN_UNUSED_VARIABLE = YES;
				IPHONEOS_DEPLOYMENT_TARGET = 12.1;
				MTL_ENABLE_DEBUG_INFO = NO;
				MTL_FAST_MATH = YES;
				SDKROOT = iphoneos;
				SWIFT_COMPILATION_MODE = wholemodule;
				SWIFT_OPTIMIZATION_LEVEL = "-O";
				VALIDATE_PRODUCT = YES;
			};
			name = Release;
		};
		EA283E6421E3FDAA004DA350 /* Debug */ = {
			isa = XCBuildConfiguration;
			buildSettings = {
				ASSETCATALOG_COMPILER_APPICON_NAME = AppIcon;
				CODE_SIGN_STYLE = Automatic;
				DEVELOPMENT_TEAM = 8E896G3MD3;
				INFOPLIST_FILE = ShopifyMobileChallenge/Info.plist;
				LD_RUNPATH_SEARCH_PATHS = (
					"$(inherited)",
					"@executable_path/Frameworks",
				);
				PRODUCT_BUNDLE_IDENTIFIER = nickkazan.ShopifyMobileChallenge;
				PRODUCT_NAME = "$(TARGET_NAME)";
				SWIFT_VERSION = 4.2;
				TARGETED_DEVICE_FAMILY = "1,2";
			};
			name = Debug;
		};
		EA283E6521E3FDAA004DA350 /* Release */ = {
			isa = XCBuildConfiguration;
			buildSettings = {
				ASSETCATALOG_COMPILER_APPICON_NAME = AppIcon;
				CODE_SIGN_STYLE = Automatic;
				DEVELOPMENT_TEAM = 8E896G3MD3;
				INFOPLIST_FILE = ShopifyMobileChallenge/Info.plist;
				LD_RUNPATH_SEARCH_PATHS = (
					"$(inherited)",
					"@executable_path/Frameworks",
				);
				PRODUCT_BUNDLE_IDENTIFIER = nickkazan.ShopifyMobileChallenge;
				PRODUCT_NAME = "$(TARGET_NAME)";
				SWIFT_VERSION = 4.2;
				TARGETED_DEVICE_FAMILY = "1,2";
			};
			name = Release;
		};
/* End XCBuildConfiguration section */

/* Begin XCConfigurationList section */
		EA283E4C21E3FDA9004DA350 /* Build configuration list for PBXProject "ShopifyMobileChallenge" */ = {
			isa = XCConfigurationList;
			buildConfigurations = (
				EA283E6121E3FDAA004DA350 /* Debug */,
				EA283E6221E3FDAA004DA350 /* Release */,
			);
			defaultConfigurationIsVisible = 0;
			defaultConfigurationName = Release;
		};
		EA283E6321E3FDAA004DA350 /* Build configuration list for PBXNativeTarget "ShopifyMobileChallenge" */ = {
			isa = XCConfigurationList;
			buildConfigurations = (
				EA283E6421E3FDAA004DA350 /* Debug */,
				EA283E6521E3FDAA004DA350 /* Release */,
			);
			defaultConfigurationIsVisible = 0;
			defaultConfigurationName = Release;
		};
/* End XCConfigurationList section */
	};
	rootObject = EA283E4921E3FDA9004DA350 /* Project object */;
}
